[{<<"cowboy">>,
  {git,"https://github.com/ninenines/cowboy.git",
       {ref,"8795233c57f1f472781a22ffbf186ce38cc5b049"}},
  0},
 {<<"cowlib">>,
  {git,"https://github.com/ninenines/cowlib",
       {ref,"6deddc7d3360aa0f50eb2375cc0226157185c472"}},
  1},
 {<<"erlgluten">>,
  {git,"https://github.com/hwatkins/erlguten.git",
       {ref,"9a95e2bf3d4d13f764574cd7c7c27403b8a478e5"}},
  0},
 {<<"erlguten">>,
  {git,"https://github.com/hwatkins/erlguten.git",
       {ref,"9a95e2bf3d4d13f764574cd7c7c27403b8a478e5"}},
  0},
 {<<"erlydtl">>,
  {git,"https://github.com/erlydtl/erlydtl.git",
       {ref,"cb6dc127585e4040465e38de0b7ac1d13ea83813"}},
  0},
 {<<"html_parser">>,
  {git,"https://github.com/hukl/html_parser.git",
       {ref,"d3459ae3f1c2578570b5638553eeaaa377965124"}},
  0},
 {<<"ranch">>,
  {git,"https://github.com/ninenines/ranch",
       {ref,"3190aef88aea04d6dce8545fe9b4574288903f44"}},
  1}].
